
Microsoft Visual Studio Solution File, Format Version 12.00
# Visual Studio 2013
VisualStudioVersion = 12.0.21005.1
MinimumVisualStudioVersion = 10.0.40219.1
Project("{2150E333-8FDC-42A3-9474-1A3956D46DE8}") = "Messaging", "Messaging", "{5A364FF3-B091-475E-A634-8891705C8E39}"
EndProject
Project("{FAE04EC0-301F-11D3-BF4B-00C04F79EFBC}") = "ChatClient", "ChatClient\ChatClient.csproj", "{BB1BFDEA-AD64-4CDA-A8F3-30196DB97170}"
EndProject
Global
	GlobalSection(SolutionConfigurationPlatforms) = preSolution
		Debug|Any CPU = Debug|Any CPU
		Release|Any CPU = Release|Any CPU
	EndGlobalSection
	GlobalSection(ProjectConfigurationPlatforms) = postSolution
		{BB1BFDEA-AD64-4CDA-A8F3-30196DB97170}.Debug|Any CPU.ActiveCfg = Debug|Any CPU
		{BB1BFDEA-AD64-4CDA-A8F3-30196DB97170}.Debug|Any CPU.Build.0 = Debug|Any CPU
		{BB1BFDEA-AD64-4CDA-A8F3-30196DB97170}.Release|Any CPU.ActiveCfg = Release|Any CPU
		{BB1BFDEA-AD64-4CDA-A8F3-30196DB97170}.Release|Any CPU.Build.0 = Release|Any CPU
	EndGlobalSection
	GlobalSection(SolutionProperties) = preSolution
		HideSolutionNode = FALSE
	EndGlobalSection
	GlobalSection(NestedProjects) = preSolution
		{BB1BFDEA-AD64-4CDA-A8F3-30196DB97170} = {5A364FF3-B091-475E-A634-8891705C8E39}
	EndGlobalSection
EndGlobal
